// !$*UTF8*$!
{
	archiveVersion = 1;
	classes = {
	};
	objectVersion = 77;
	objects = {

/* Begin PBXBuildFile section */
		74A687DC2F02D51D001951FE /* ReceiptParser in Frameworks */ = {isa = PBXBuildFile; productRef = 74A687DB2F02D51D001951FE /* ReceiptParser */; };
		74A687DE2F02D51D001951FE /* RevenueCat in Frameworks */ = {isa = PBXBuildFile; productRef = 74A687DD2F02D51D001951FE /* RevenueCat */; };
		74A687E02F02D51D001951FE /* RevenueCatUI in Frameworks */ = {isa = PBXBuildFile; productRef = 74A687DF2F02D51D001951FE /* RevenueCatUI */; };
		74C01A7B2EDFCA1200FF8F00 /* Supabase in Frameworks */ = {isa = PBXBuildFile; productRef = 74BE1A7B2EDB7654007406F9 /* Supabase */; };
		74DF6AE52EE0C51000FB1743 /* GoogleSignIn in Frameworks */ = {isa = PBXBuildFile; productRef = 74DF6AE42EE0C51000FB1743 /* GoogleSignIn */; };
		74DF6AE72EE0C51000FB1743 /* GoogleSignInSwift in Frameworks */ = {isa = PBXBuildFile; productRef = 74DF6AE62EE0C51000FB1743 /* GoogleSignInSwift */; };
		74LOTTIE001EE0C51000FB1743 /* Lottie in Frameworks */ = {isa = PBXBuildFile; productRef = 74LOTTIE002EE0C51000FB1743 /* Lottie */; };
/* End PBXBuildFile section */

/* Begin PBXContainerItemProxy section */
		74BE1A5E2EDB7654007406F9 /* PBXContainerItemProxy */ = {
			isa = PBXContainerItemProxy;
			containerPortal = 74BE1A482EDB7651007406F9 /* Project object */;
			proxyType = 1;
			remoteGlobalIDString = 74BE1A4F2EDB7651007406F9;
			remoteInfo = "Animarc IOS";
		};
		74BE1A682EDB7654007406F9 /* PBXContainerItemProxy */ = {
			isa = PBXContainerItemProxy;
			containerPortal = 74BE1A482EDB7651007406F9 /* Project object */;
			proxyType = 1;
			remoteGlobalIDString = 74BE1A4F2EDB7651007406F9;
			remoteInfo = "Animarc IOS";
		};
/* End PBXContainerItemProxy section */

/* Begin PBXFileReference section */
		74BE1A502EDB7651007406F9 /* Animarc IOS.app */ = {isa = PBXFileReference; explicitFileType = wrapper.application; includeInIndex = 0; path = "Animarc IOS.app"; sourceTree = BUILT_PRODUCTS_DIR; };
		74BE1A5D2EDB7654007406F9 /* Animarc IOSTests.xctest */ = {isa = PBXFileReference; explicitFileType = wrapper.cfbundle; includeInIndex = 0; path = "Animarc IOSTests.xctest"; sourceTree = BUILT_PRODUCTS_DIR; };
		74BE1A672EDB7654007406F9 /* Animarc IOSUITests.xctest */ = {isa = PBXFileReference; explicitFileType = wrapper.cfbundle; includeInIndex = 0; path = "Animarc IOSUITests.xctest"; sourceTree = BUILT_PRODUCTS_DIR; };
/* End PBXFileReference section */

/* Begin PBXFileSystemSynchronizedRootGroup section */
		74BE1A522EDB7651007406F9 /* Animarc IOS */ = {
			isa = PBXFileSystemSynchronizedRootGroup;
			path = "Animarc IOS";
			sourceTree = "<group>";
		};
		74BE1A602EDB7654007406F9 /* Animarc IOSTests */ = {
			isa = PBXFileSystemSynchronizedRootGroup;
			path = "Animarc IOSTests";
			sourceTree = "<group>";
		};
		74BE1A6A2EDB7654007406F9 /* Animarc IOSUITests */ = {
			isa = PBXFileSystemSynchronizedRootGroup;
			path = "Animarc IOSUITests";
			sourceTree = "<group>";
		};
/* End PBXFileSystemSynchronizedRootGroup section */

/* Begin PBXFrameworksBuildPhase section */
		74BE1A4D2EDB7651007406F9 /* Frameworks */ = {
			isa = PBXFrameworksBuildPhase;
			buildActionMask = 2147483647;
			files = (
				74DF6AE72EE0C51000FB1743 /* GoogleSignInSwift in Frameworks */,
				74C01A7B2EDFCA1200FF8F00 /* Supabase in Frameworks */,
				74A687E02F02D51D001951FE /* RevenueCatUI in Frameworks */,
				74A687DE2F02D51D001951FE /* RevenueCat in Frameworks */,
				74DF6AE52EE0C51000FB1743 /* GoogleSignIn in Frameworks */,
				74LOTTIE001EE0C51000FB1743 /* Lottie in Frameworks */,
				74A687DC2F02D51D001951FE /* ReceiptParser in Frameworks */,
			);
			runOnlyForDeploymentPostprocessing = 0;
		};
		74BE1A5A2EDB7654007406F9 /* Frameworks */ = {
			isa = PBXFrameworksBuildPhase;
			buildActionMask = 2147483647;
			files = (
			);
			runOnlyForDeploymentPostprocessing = 0;
		};
		74BE1A642EDB7654007406F9 /* Frameworks */ = {
			isa = PBXFrameworksBuildPhase;
			buildActionMask = 2147483647;
			files = (
			);
			runOnlyForDeploymentPostprocessing = 0;
		};
/* End PBXFrameworksBuildPhase section */

/* Begin PBXGroup section */
		74BE1A472EDB7651007406F9 = {
			isa = PBXGroup;
			children = (
				74BE1A522EDB7651007406F9 /* Animarc IOS */,
				74BE1A602EDB7654007406F9 /* Animarc IOSTests */,
				74BE1A6A2EDB7654007406F9 /* Animarc IOSUITests */,
				74DF6AE32EE0C51000FB1743 /* Frameworks */,
				74BE1A512EDB7651007406F9 /* Products */,
			);
			sourceTree = "<group>";
		};
		74BE1A512EDB7651007406F9 /* Products */ = {
			isa = PBXGroup;
			children = (
				74BE1A502EDB7651007406F9 /* Animarc IOS.app */,
				74BE1A5D2EDB7654007406F9 /* Animarc IOSTests.xctest */,
				74BE1A672EDB7654007406F9 /* Animarc IOSUITests.xctest */,
			);
			name = Products;
			sourceTree = "<group>";
		};
		74DF6AE32EE0C51000FB1743 /* Frameworks */ = {
			isa = PBXGroup;
			children = (
			);
			name = Frameworks;
			sourceTree = "<group>";
		};
/* End PBXGroup section */

/* Begin PBXNativeTarget section */
		74BE1A4F2EDB7651007406F9 /* Animarc IOS */ = {
			isa = PBXNativeTarget;
			buildConfigurationList = 74BE1A712EDB7654007406F9 /* Build configuration list for PBXNativeTarget "Animarc IOS" */;
			buildPhases = (
				74BE1A4C2EDB7651007406F9 /* Sources */,
				74BE1A4D2EDB7651007406F9 /* Frameworks */,
				74BE1A4E2EDB7651007406F9 /* Resources */,
			);
			buildRules = (
			);
			dependencies = (
			);
			fileSystemSynchronizedGroups = (
				74BE1A522EDB7651007406F9 /* Animarc IOS */,
			);
			name = "Animarc IOS";
			packageProductDependencies = (
				74BE1A7B2EDB7654007406F9 /* Supabase */,
				74DF6AE42EE0C51000FB1743 /* GoogleSignIn */,
				74DF6AE62EE0C51000FB1743 /* GoogleSignInSwift */,
				74LOTTIE002EE0C51000FB1743 /* Lottie */,
				74A687DB2F02D51D001951FE /* ReceiptParser */,
				74A687DD2F02D51D001951FE /* RevenueCat */,
				74A687DF2F02D51D001951FE /* RevenueCatUI */,
			);
			productName = "Animarc IOS";
			productReference = 74BE1A502EDB7651007406F9 /* Animarc IOS.app */;
			productType = "com.apple.product-type.application";
		};
		74BE1A5C2EDB7654007406F9 /* Animarc IOSTests */ = {
			isa = PBXNativeTarget;
			buildConfigurationList = 74BE1A742EDB7654007406F9 /* Build configuration list for PBXNativeTarget "Animarc IOSTests" */;
			buildPhases = (
				74BE1A592EDB7654007406F9 /* Sources */,
				74BE1A5A2EDB7654007406F9 /* Frameworks */,
				74BE1A5B2EDB7654007406F9 /* Resources */,
			);
			buildRules = (
			);
			dependencies = (
				74BE1A5F2EDB7654007406F9 /* PBXTargetDependency */,
			);
			fileSystemSynchronizedGroups = (
				74BE1A602EDB7654007406F9 /* Animarc IOSTests */,
			);
			name = "Animarc IOSTests";
			packageProductDependencies = (
			);
			productName = "Animarc IOSTests";
			productReference = 74BE1A5D2EDB7654007406F9 /* Animarc IOSTests.xctest */;
			productType = "com.apple.product-type.bundle.unit-test";
		};
		74BE1A662EDB7654007406F9 /* Animarc IOSUITests */ = {
			isa = PBXNativeTarget;
			buildConfigurationList = 74BE1A772EDB7654007406F9 /* Build configuration list for PBXNativeTarget "Animarc IOSUITests" */;
			buildPhases = (
				74BE1A632EDB7654007406F9 /* Sources */,
				74BE1A642EDB7654007406F9 /* Frameworks */,
				74BE1A652EDB7654007406F9 /* Resources */,
			);
			buildRules = (
			);
			dependencies = (
				74BE1A692EDB7654007406F9 /* PBXTargetDependency */,
			);
			fileSystemSynchronizedGroups = (
				74BE1A6A2EDB7654007406F9 /* Animarc IOSUITests */,
			);
			name = "Animarc IOSUITests";
			packageProductDependencies = (
			);
			productName = "Animarc IOSUITests";
			productReference = 74BE1A672EDB7654007406F9 /* Animarc IOSUITests.xctest */;
			productType = "com.apple.product-type.bundle.ui-testing";
		};
/* End PBXNativeTarget section */

/* Begin PBXProject section */
		74BE1A482EDB7651007406F9 /* Project object */ = {
			isa = PBXProject;
			attributes = {
				BuildIndependentTargetsInParallel = 1;
				LastSwiftUpdateCheck = 1640;
				LastUpgradeCheck = 1640;
				TargetAttributes = {
					74BE1A4F2EDB7651007406F9 = {
						CreatedOnToolsVersion = 16.4;
					};
					74BE1A5C2EDB7654007406F9 = {
						CreatedOnToolsVersion = 16.4;
						TestTargetID = 74BE1A4F2EDB7651007406F9;
					};
					74BE1A662EDB7654007406F9 = {
						CreatedOnToolsVersion = 16.4;
						TestTargetID = 74BE1A4F2EDB7651007406F9;
					};
				};
			};
			buildConfigurationList = 74BE1A4B2EDB7651007406F9 /* Build configuration list for PBXProject "Animarc" */;
			developmentRegion = en;
			hasScannedForEncodings = 0;
			knownRegions = (
				en,
				Base,
			);
			mainGroup = 74BE1A472EDB7651007406F9;
			minimizedProjectReferenceProxies = 1;
			packageReferences = (
				74BE1A7A2EDB7654007406F9 /* XCRemoteSwiftPackageReference "supabase-swift" */,
				74DF6AE22EE0C3A800FB1743 /* XCRemoteSwiftPackageReference "GoogleSignIn-iOS" */,
				74LOTTIE003EE0C51000FB1743 /* XCRemoteSwiftPackageReference "lottie-ios" */,
				74A687DA2F02D51D001951FE /* XCRemoteSwiftPackageReference "purchases-ios-spm" */,
			);
			preferredProjectObjectVersion = 77;
			productRefGroup = 74BE1A512EDB7651007406F9 /* Products */;
			projectDirPath = "";
			projectRoot = "";
			targets = (
				74BE1A4F2EDB7651007406F9 /* Animarc IOS */,
				74BE1A5C2EDB7654007406F9 /* Animarc IOSTests */,
				74BE1A662EDB7654007406F9 /* Animarc IOSUITests */,
			);
		};
/* End PBXProject section */

/* Begin PBXResourcesBuildPhase section */
		74BE1A4E2EDB7651007406F9 /* Resources */ = {
			isa = PBXResourcesBuildPhase;
			buildActionMask = 2147483647;
			files = (
			);
			runOnlyForDeploymentPostprocessing = 0;
		};
		74BE1A5B2EDB7654007406F9 /* Resources */ = {
			isa = PBXResourcesBuildPhase;
			buildActionMask = 2147483647;
			files = (
			);
			runOnlyForDeploymentPostprocessing = 0;
		};
		74BE1A652EDB7654007406F9 /* Resources */ = {
			isa = PBXResourcesBuildPhase;
			buildActionMask = 2147483647;
			files = (
			);
			runOnlyForDeploymentPostprocessing = 0;
		};
/* End PBXResourcesBuildPhase section */

/* Begin PBXSourcesBuildPhase section */
		74BE1A4C2EDB7651007406F9 /* Sources */ = {
			isa = PBXSourcesBuildPhase;
			buildActionMask = 2147483647;
			files = (
			);
			runOnlyForDeploymentPostprocessing = 0;
		};
		74BE1A592EDB7654007406F9 /* Sources */ = {
			isa = PBXSourcesBuildPhase;
			buildActionMask = 2147483647;
			files = (
			);
			runOnlyForDeploymentPostprocessing = 0;
		};
		74BE1A632EDB7654007406F9 /* Sources */ = {
			isa = PBXSourcesBuildPhase;
			buildActionMask = 2147483647;
			files = (
			);
			runOnlyForDeploymentPostprocessing = 0;
		};
/* End PBXSourcesBuildPhase section */

/* Begin PBXTargetDependency section */
		74BE1A5F2EDB7654007406F9 /* PBXTargetDependency */ = {
			isa = PBXTargetDependency;
			target = 74BE1A4F2EDB7651007406F9 /* Animarc IOS */;
			targetProxy = 74BE1A5E2EDB7654007406F9 /* PBXContainerItemProxy */;
		};
		74BE1A692EDB7654007406F9 /* PBXTargetDependency */ = {
			isa = PBXTargetDependency;
			target = 74BE1A4F2EDB7651007406F9 /* Animarc IOS */;
			targetProxy = 74BE1A682EDB7654007406F9 /* PBXContainerItemProxy */;
		};
/* End PBXTargetDependency section */

/* Begin XCBuildConfiguration section */
		74BE1A6F2EDB7654007406F9 /* Debug */ = {
			isa = XCBuildConfiguration;
			buildSettings = {
				ALWAYS_SEARCH_USER_PATHS = NO;
				ASSETCATALOG_COMPILER_GENERATE_SWIFT_ASSET_SYMBOL_EXTENSIONS = YES;
				CLANG_ANALYZER_NONNULL = YES;
				CLANG_ANALYZER_NUMBER_OBJECT_CONVERSION = YES_AGGRESSIVE;
				CLANG_CXX_LANGUAGE_STANDARD = "gnu++20";
				CLANG_ENABLE_MODULES = YES;
				CLANG_ENABLE_OBJC_ARC = YES;
				CLANG_ENABLE_OBJC_WEAK = YES;
				CLANG_WARN_BLOCK_CAPTURE_AUTORELEASING = YES;
				CLANG_WARN_BOOL_CONVERSION = YES;
				CLANG_WARN_COMMA = YES;
				CLANG_WARN_CONSTANT_CONVERSION = YES;
				CLANG_WARN_DEPRECATED_OBJC_IMPLEMENTATIONS = YES;
				CLANG_WARN_DIRECT_OBJC_ISA_USAGE = YES_ERROR;
				CLANG_WARN_DOCUMENTATION_COMMENTS = YES;
				CLANG_WARN_EMPTY_BODY = YES;
				CLANG_WARN_ENUM_CONVERSION = YES;
				CLANG_WARN_INFINITE_RECURSION = YES;
				CLANG_WARN_INT_CONVERSION = YES;
				CLANG_WARN_NON_LITERAL_NULL_CONVERSION = YES;
				CLANG_WARN_OBJC_IMPLICIT_RETAIN_SELF = YES;
				CLANG_WARN_OBJC_LITERAL_CONVERSION = YES;
				CLANG_WARN_OBJC_ROOT_CLASS = YES_ERROR;
				CLANG_WARN_QUOTED_INCLUDE_IN_FRAMEWORK_HEADER = YES;
				CLANG_WARN_RANGE_LOOP_ANALYSIS = YES;
				CLANG_WARN_STRICT_PROTOTYPES = YES;
				CLANG_WARN_SUSPICIOUS_MOVE = YES;
				CLANG_WARN_UNGUARDED_AVAILABILITY = YES_AGGRESSIVE;
				CLANG_WARN_UNREACHABLE_CODE = YES;
				CLANG_WARN__DUPLICATE_METHOD_MATCH = YES;
				COPY_PHASE_STRIP = NO;
				DEBUG_INFORMATION_FORMAT = dwarf;
				ENABLE_STRICT_OBJC_MSGSEND = YES;
				ENABLE_TESTABILITY = YES;
				ENABLE_USER_SCRIPT_SANDBOXING = YES;
				GCC_C_LANGUAGE_STANDARD = gnu17;
				GCC_DYNAMIC_NO_PIC = NO;
				GCC_NO_COMMON_BLOCKS = YES;
				GCC_OPTIMIZATION_LEVEL = 0;
				GCC_PREPROCESSOR_DEFINITIONS = (
					"DEBUG=1",
					"$(inherited)",
				);
				GCC_WARN_64_TO_32_BIT_CONVERSION = YES;
				GCC_WARN_ABOUT_RETURN_TYPE = YES_ERROR;
				GCC_WARN_UNDECLARED_SELECTOR = YES;
				GCC_WARN_UNINITIALIZED_AUTOS = YES_AGGRESSIVE;
				GCC_WARN_UNUSED_FUNCTION = YES;
				GCC_WARN_UNUSED_VARIABLE = YES;
				IPHONEOS_DEPLOYMENT_TARGET = 18.5;
				LOCALIZATION_PREFERS_STRING_CATALOGS = YES;
				MTL_ENABLE_DEBUG_INFO = INCLUDE_SOURCE;
				MTL_FAST_MATH = YES;
				ONLY_ACTIVE_ARCH = YES;
				SDKROOT = iphoneos;
				SWIFT_ACTIVE_COMPILATION_CONDITIONS = "DEBUG $(inherited)";
				SWIFT_OPTIMIZATION_LEVEL = "-Onone";
			};
			name = Debug;
		};
		74BE1A702EDB7654007406F9 /* Release */ = {
			isa = XCBuildConfiguration;
			buildSettings = {
				ALWAYS_SEARCH_USER_PATHS = NO;
				ASSETCATALOG_COMPILER_GENERATE_SWIFT_ASSET_SYMBOL_EXTENSIONS = YES;
				CLANG_ANALYZER_NONNULL = YES;
				CLANG_ANALYZER_NUMBER_OBJECT_CONVERSION = YES_AGGRESSIVE;
				CLANG_CXX_LANGUAGE_STANDARD = "gnu++20";
				CLANG_ENABLE_MODULES = YES;
				CLANG_ENABLE_OBJC_ARC = YES;
				CLANG_ENABLE_OBJC_WEAK = YES;
				CLANG_WARN_BLOCK_CAPTURE_AUTORELEASING = YES;
				CLANG_WARN_BOOL_CONVERSION = YES;
				CLANG_WARN_COMMA = YES;
				CLANG_WARN_CONSTANT_CONVERSION = YES;
				CLANG_WARN_DEPRECATED_OBJC_IMPLEMENTATIONS = YES;
				CLANG_WARN_DIRECT_OBJC_ISA_USAGE = YES_ERROR;
				CLANG_WARN_DOCUMENTATION_COMMENTS = YES;
				CLANG_WARN_EMPTY_BODY = YES;
				CLANG_WARN_ENUM_CONVERSION = YES;
				CLANG_WARN_INFINITE_RECURSION = YES;
				CLANG_WARN_INT_CONVERSION = YES;
				CLANG_WARN_NON_LITERAL_NULL_CONVERSION = YES;
				CLANG_WARN_OBJC_IMPLICIT_RETAIN_SELF = YES;
				CLANG_WARN_OBJC_LITERAL_CONVERSION = YES;
				CLANG_WARN_OBJC_ROOT_CLASS = YES_ERROR;
				CLANG_WARN_QUOTED_INCLUDE_IN_FRAMEWORK_HEADER = YES;
				CLANG_WARN_RANGE_LOOP_ANALYSIS = YES;
				CLANG_WARN_STRICT_PROTOTYPES = YES;
				CLANG_WARN_SUSPICIOUS_MOVE = YES;
				CLANG_WARN_UNGUARDED_AVAILABILITY = YES_AGGRESSIVE;
				CLANG_WARN_UNREACHABLE_CODE = YES;
				CLANG_WARN__DUPLICATE_METHOD_MATCH = YES;
				COPY_PHASE_STRIP = NO;
				DEBUG_INFORMATION_FORMAT = "dwarf-with-dsym";
				ENABLE_NS_ASSERTIONS = NO;
				ENABLE_STRICT_OBJC_MSGSEND = YES;
				ENABLE_USER_SCRIPT_SANDBOXING = YES;
				GCC_C_LANGUAGE_STANDARD = gnu17;
				GCC_NO_COMMON_BLOCKS = YES;
				GCC_WARN_64_TO_32_BIT_CONVERSION = YES;
				GCC_WARN_ABOUT_RETURN_TYPE = YES_ERROR;
				GCC_WARN_UNDECLARED_SELECTOR = YES;
				GCC_WARN_UNINITIALIZED_AUTOS = YES_AGGRESSIVE;
				GCC_WARN_UNUSED_FUNCTION = YES;
				GCC_WARN_UNUSED_VARIABLE = YES;
				IPHONEOS_DEPLOYMENT_TARGET = 18.5;
				LOCALIZATION_PREFERS_STRING_CATALOGS = YES;
				MTL_ENABLE_DEBUG_INFO = NO;
				MTL_FAST_MATH = YES;
				SDKROOT = iphoneos;
				SWIFT_COMPILATION_MODE = wholemodule;
				VALIDATE_PRODUCT = YES;
			};
			name = Release;
		};
		74BE1A722EDB7654007406F9 /* Debug */ = {
			isa = XCBuildConfiguration;
			buildSettings = {
				ASSETCATALOG_COMPILER_APPICON_NAME = AppIcon;
				ASSETCATALOG_COMPILER_GLOBAL_ACCENT_COLOR_NAME = AccentColor;
				CODE_SIGN_ENTITLEMENTS = "Animarc IOS/Animarc IOS.entitlements";
				CODE_SIGN_STYLE = Automatic;
				CURRENT_PROJECT_VERSION = 14;
				DEVELOPMENT_TEAM = YHDYFCZ37W;
				ENABLE_PREVIEWS = YES;
				GENERATE_INFOPLIST_FILE = YES;
				GOOGLE_CLIENT_ID = "443436294835-qgd6v7m2nov13rl2624eala6inr0scp1.apps.googleusercontent.com";
				INFOPLIST_FILE = Info.plist;
				INFOPLIST_KEY_CFBundleDisplayName = Animarc;
				INFOPLIST_KEY_UIApplicationSceneManifest_Generation = YES;
				INFOPLIST_KEY_UIApplicationSupportsIndirectInputEvents = YES;
				INFOPLIST_KEY_UILaunchScreen_Generation = YES;
				INFOPLIST_KEY_UISupportedInterfaceOrientations = "UIInterfaceOrientationLandscapeLeft UIInterfaceOrientationLandscapeRight UIInterfaceOrientationPortrait";
				LD_RUNPATH_SEARCH_PATHS = (
					"$(inherited)",
					"@executable_path/Frameworks",
				);
				MARKETING_VERSION = 1.1;
				PRODUCT_BUNDLE_IDENTIFIER = app.animarc.ios;
				PRODUCT_NAME = "$(TARGET_NAME)";
				REVENUECAT_API_KEY = appl_OCBzZIPDsWduwvkbMGWGizCBIzF;
				SUPABASE_ANON_KEY = eyJhbGciOiJIUzI1NiIsInR5cCI6IkpXVCJ9.eyJpc3MiOiJzdXBhYmFzZSIsInJlZiI6ImdpcmlmbWl0Z2JheGlha3RqY2t6Iiwicm9sZSI6ImFub24iLCJpYXQiOjE3NTk5MTc0MDEsImV4cCI6MjA3NTQ5MzQwMX0.XDMQp7h_WaP1OwGSfn8lPksvRjFq5KiQoySf2VPTyPo;
				SUPABASE_URL = "https://girifmitgbaxiaktjckz.supabase.co";
				SUPPORTED_PLATFORMS = "iphoneos iphonesimulator";
				SUPPORTS_MACCATALYST = NO;
				SWIFT_EMIT_LOC_STRINGS = YES;
				SWIFT_VERSION = 5.0;
				TARGETED_DEVICE_FAMILY = 1;
			};
			name = Debug;
		};
		74BE1A732EDB7654007406F9 /* Release */ = {
			isa = XCBuildConfiguration;
			buildSettings = {
				ASSETCATALOG_COMPILER_APPICON_NAME = AppIcon;
				ASSETCATALOG_COMPILER_GLOBAL_ACCENT_COLOR_NAME = AccentColor;
				CODE_SIGN_ENTITLEMENTS = "Animarc IOS/Animarc IOS.entitlements";
				CODE_SIGN_STYLE = Automatic;
				CURRENT_PROJECT_VERSION = 14;
				DEVELOPMENT_TEAM = YHDYFCZ37W;
				ENABLE_PREVIEWS = YES;
				GENERATE_INFOPLIST_FILE = YES;
				GOOGLE_CLIENT_ID = "443436294835-qgd6v7m2nov13rl2624eala6inr0scp1.apps.googleusercontent.com";
				INFOPLIST_FILE = Info.plist;
				INFOPLIST_KEY_CFBundleDisplayName = Animarc;
				INFOPLIST_KEY_UIApplicationSceneManifest_Generation = YES;
				INFOPLIST_KEY_UIApplicationSupportsIndirectInputEvents = YES;
				INFOPLIST_KEY_UILaunchScreen_Generation = YES;
				INFOPLIST_KEY_UISupportedInterfaceOrientations = "UIInterfaceOrientationLandscapeLeft UIInterfaceOrientationLandscapeRight UIInterfaceOrientationPortrait";
				LD_RUNPATH_SEARCH_PATHS = (
					"$(inherited)",
					"@executable_path/Frameworks",
				);
				MARKETING_VERSION = 1.1;
				PRODUCT_BUNDLE_IDENTIFIER = app.animarc.ios;
				PRODUCT_NAME = "$(TARGET_NAME)";
				REVENUECAT_API_KEY = appl_OCBzZIPDsWduwvkbMGWGizCBIzF;
				SUPABASE_ANON_KEY = eyJhbGciOiJIUzI1NiIsInR5cCI6IkpXVCJ9.eyJpc3MiOiJzdXBhYmFzZSIsInJlZiI6ImdpcmlmbWl0Z2JheGlha3RqY2t6Iiwicm9sZSI6ImFub24iLCJpYXQiOjE3NTk5MTc0MDEsImV4cCI6MjA3NTQ5MzQwMX0.XDMQp7h_WaP1OwGSfn8lPksvRjFq5KiQoySf2VPTyPo;
				SUPABASE_URL = "https://girifmitgbaxiaktjckz.supabase.co";
				SUPPORTED_PLATFORMS = "iphoneos iphonesimulator";
				SUPPORTS_MACCATALYST = NO;
				SWIFT_EMIT_LOC_STRINGS = YES;
				SWIFT_VERSION = 5.0;
				TARGETED_DEVICE_FAMILY = 1;
			};
			name = Release;
		};
		74BE1A752EDB7654007406F9 /* Debug */ = {
			isa = XCBuildConfiguration;
			buildSettings = {
				BUNDLE_LOADER = "$(TEST_HOST)";
				CODE_SIGN_STYLE = Automatic;
				CURRENT_PROJECT_VERSION = 1;
				GENERATE_INFOPLIST_FILE = YES;
				IPHONEOS_DEPLOYMENT_TARGET = 18.5;
				MARKETING_VERSION = 1.0;
				PRODUCT_BUNDLE_IDENTIFIER = "app.animarc.Animarc-IOSTests";
				PRODUCT_NAME = "$(TARGET_NAME)";
				SWIFT_EMIT_LOC_STRINGS = NO;
				SWIFT_VERSION = 5.0;
				TARGETED_DEVICE_FAMILY = "1,2";
				TEST_HOST = "$(BUILT_PRODUCTS_DIR)/Animarc IOS.app/$(BUNDLE_EXECUTABLE_FOLDER_PATH)/Animarc IOS";
			};
			name = Debug;
		};
		74BE1A762EDB7654007406F9 /* Release */ = {
			isa = XCBuildConfiguration;
			buildSettings = {
				BUNDLE_LOADER = "$(TEST_HOST)";
				CODE_SIGN_STYLE = Automatic;
				CURRENT_PROJECT_VERSION = 1;
				GENERATE_INFOPLIST_FILE = YES;
				IPHONEOS_DEPLOYMENT_TARGET = 18.5;
				MARKETING_VERSION = 1.0;
				PRODUCT_BUNDLE_IDENTIFIER = "app.animarc.Animarc-IOSTests";
				PRODUCT_NAME = "$(TARGET_NAME)";
				SWIFT_EMIT_LOC_STRINGS = NO;
				SWIFT_VERSION = 5.0;
				TARGETED_DEVICE_FAMILY = "1,2";
				TEST_HOST = "$(BUILT_PRODUCTS_DIR)/Animarc IOS.app/$(BUNDLE_EXECUTABLE_FOLDER_PATH)/Animarc IOS";
			};
			name = Release;
		};
		74BE1A782EDB7654007406F9 /* Debug */ = {
			isa = XCBuildConfiguration;
			buildSettings = {
				CODE_SIGN_STYLE = Automatic;
				CURRENT_PROJECT_VERSION = 1;
				GENERATE_INFOPLIST_FILE = YES;
				MARKETING_VERSION = 1.0;
				PRODUCT_BUNDLE_IDENTIFIER = "app.animarc.Animarc-IOSUITests";
				PRODUCT_NAME = "$(TARGET_NAME)";
				SWIFT_EMIT_LOC_STRINGS = NO;
				SWIFT_VERSION = 5.0;
				TARGETED_DEVICE_FAMILY = "1,2";
				TEST_TARGET_NAME = "Animarc IOS";
			};
			name = Debug;
		};
		74BE1A792EDB7654007406F9 /* Release */ = {
			isa = XCBuildConfiguration;
			buildSettings = {
				CODE_SIGN_STYLE = Automatic;
				CURRENT_PROJECT_VERSION = 1;
				GENERATE_INFOPLIST_FILE = YES;
				MARKETING_VERSION = 1.0;
				PRODUCT_BUNDLE_IDENTIFIER = "app.animarc.Animarc-IOSUITests";
				PRODUCT_NAME = "$(TARGET_NAME)";
				SWIFT_EMIT_LOC_STRINGS = NO;
				SWIFT_VERSION = 5.0;
				TARGETED_DEVICE_FAMILY = "1,2";
				TEST_TARGET_NAME = "Animarc IOS";
			};
			name = Release;
		};
/* End XCBuildConfiguration section */

/* Begin XCConfigurationList section */
		74BE1A4B2EDB7651007406F9 /* Build configuration list for PBXProject "Animarc" */ = {
			isa = XCConfigurationList;
			buildConfigurations = (
				74BE1A6F2EDB7654007406F9 /* Debug */,
				74BE1A702EDB7654007406F9 /* Release */,
			);
			defaultConfigurationIsVisible = 0;
			defaultConfigurationName = Release;
		};
		74BE1A712EDB7654007406F9 /* Build configuration list for PBXNativeTarget "Animarc IOS" */ = {
			isa = XCConfigurationList;
			buildConfigurations = (
				74BE1A722EDB7654007406F9 /* Debug */,
				74BE1A732EDB7654007406F9 /* Release */,
			);
			defaultConfigurationIsVisible = 0;
			defaultConfigurationName = Release;
		};
		74BE1A742EDB7654007406F9 /* Build configuration list for PBXNativeTarget "Animarc IOSTests" */ = {
			isa = XCConfigurationList;
			buildConfigurations = (
				74BE1A752EDB7654007406F9 /* Debug */,
				74BE1A762EDB7654007406F9 /* Release */,
			);
			defaultConfigurationIsVisible = 0;
			defaultConfigurationName = Release;
		};
		74BE1A772EDB7654007406F9 /* Build configuration list for PBXNativeTarget "Animarc IOSUITests" */ = {
			isa = XCConfigurationList;
			buildConfigurations = (
				74BE1A782EDB7654007406F9 /* Debug */,
				74BE1A792EDB7654007406F9 /* Release */,
			);
			defaultConfigurationIsVisible = 0;
			defaultConfigurationName = Release;
		};
/* End XCConfigurationList section */

/* Begin XCRemoteSwiftPackageReference section */
		74A687DA2F02D51D001951FE /* XCRemoteSwiftPackageReference "purchases-ios-spm" */ = {
			isa = XCRemoteSwiftPackageReference;
			repositoryURL = "https://github.com/RevenueCat/purchases-ios-spm.git";
			requirement = {
				kind = upToNextMajorVersion;
				minimumVersion = 5.52.0;
			};
		};
		74BE1A7A2EDB7654007406F9 /* XCRemoteSwiftPackageReference "supabase-swift" */ = {
			isa = XCRemoteSwiftPackageReference;
			repositoryURL = "https://github.com/supabase/supabase-swift";
			requirement = {
				kind = upToNextMajorVersion;
				minimumVersion = 2.0.0;
			};
		};
		74DF6AE22EE0C3A800FB1743 /* XCRemoteSwiftPackageReference "GoogleSignIn-iOS" */ = {
			isa = XCRemoteSwiftPackageReference;
			repositoryURL = "https://github.com/google/GoogleSignIn-iOS";
			requirement = {
				kind = upToNextMajorVersion;
				minimumVersion = 9.0.0;
			};
		};
		74LOTTIE003EE0C51000FB1743 /* XCRemoteSwiftPackageReference "lottie-ios" */ = {
			isa = XCRemoteSwiftPackageReference;
			repositoryURL = "https://github.com/airbnb/lottie-ios.git";
			requirement = {
				kind = upToNextMajorVersion;
				minimumVersion = 4.0.0;
			};
		};
/* End XCRemoteSwiftPackageReference section */

/* Begin XCSwiftPackageProductDependency section */
		74A687DB2F02D51D001951FE /* ReceiptParser */ = {
			isa = XCSwiftPackageProductDependency;
			package = 74A687DA2F02D51D001951FE /* XCRemoteSwiftPackageReference "purchases-ios-spm" */;
			productName = ReceiptParser;
		};
		74A687DD2F02D51D001951FE /* RevenueCat */ = {
			isa = XCSwiftPackageProductDependency;
			package = 74A687DA2F02D51D001951FE /* XCRemoteSwiftPackageReference "purchases-ios-spm" */;
			productName = RevenueCat;
		};
		74A687DF2F02D51D001951FE /* RevenueCatUI */ = {
			isa = XCSwiftPackageProductDependency;
			package = 74A687DA2F02D51D001951FE /* XCRemoteSwiftPackageReference "purchases-ios-spm" */;
			productName = RevenueCatUI;
		};
		74BE1A7B2EDB7654007406F9 /* Supabase */ = {
			isa = XCSwiftPackageProductDependency;
			package = 74BE1A7A2EDB7654007406F9 /* XCRemoteSwiftPackageReference "supabase-swift" */;
			productName = Supabase;
		};
		74DF6AE42EE0C51000FB1743 /* GoogleSignIn */ = {
			isa = XCSwiftPackageProductDependency;
			package = 74DF6AE22EE0C3A800FB1743 /* XCRemoteSwiftPackageReference "GoogleSignIn-iOS" */;
			productName = GoogleSignIn;
		};
		74DF6AE62EE0C51000FB1743 /* GoogleSignInSwift */ = {
			isa = XCSwiftPackageProductDependency;
			package = 74DF6AE22EE0C3A800FB1743 /* XCRemoteSwiftPackageReference "GoogleSignIn-iOS" */;
			productName = GoogleSignInSwift;
		};
		74LOTTIE002EE0C51000FB1743 /* Lottie */ = {
			isa = XCSwiftPackageProductDependency;
			package = 74LOTTIE003EE0C51000FB1743 /* XCRemoteSwiftPackageReference "lottie-ios" */;
			productName = Lottie;
		};
/* End XCSwiftPackageProductDependency section */
	};
	rootObject = 74BE1A482EDB7651007406F9 /* Project object */;
}
